
Microsoft Visual Studio Solution File, Format Version 12.00
# Visual Studio Version 16
VisualStudioVersion = 16.0.31410.357
MinimumVisualStudioVersion = 10.0.40219.1
Project("{FAE04EC0-301F-11D3-BF4B-00C04F79EFBC}") = "Perakende Satış Otomasyonu", "Perakende Satış Otomasyonu\Perakende Satış Otomasyonu.csproj", "{475C3D18-AE96-4F48-BD71-916FE362B36E}"
EndProject
Global
	GlobalSection(SolutionConfigurationPlatforms) = preSolution
		Debug|Any CPU = Debug|Any CPU
		Release|Any CPU = Release|Any CPU
	EndGlobalSection
	GlobalSection(ProjectConfigurationPlatforms) = postSolution
		{475C3D18-AE96-4F48-BD71-916FE362B36E}.Debug|Any CPU.ActiveCfg = Debug|Any CPU
		{475C3D18-AE96-4F48-BD71-916FE362B36E}.Debug|Any CPU.Build.0 = Debug|Any CPU
		{475C3D18-AE96-4F48-BD71-916FE362B36E}.Release|Any CPU.ActiveCfg = Release|Any CPU
		{475C3D18-AE96-4F48-BD71-916FE362B36E}.Release|Any CPU.Build.0 = Release|Any CPU
	EndGlobalSection
	GlobalSection(SolutionProperties) = preSolution
		HideSolutionNode = FALSE
	EndGlobalSection
	GlobalSection(ExtensibilityGlobals) = postSolution
		SolutionGuid = {7C510F9E-EE00-4FC1-BF27-4C82569F5F6E}
	EndGlobalSection
EndGlobal
